
Microsoft Visual Studio Solution File, Format Version 12.00
# Visual Studio Version 16
VisualStudioVersion = 16.0.29609.76
MinimumVisualStudioVersion = 10.0.40219.1
Project("{FAE04EC0-301F-11D3-BF4B-00C04F79EFBC}") = "CALC", "CALC\CALC.csproj", "{C923283F-C1F0-45AC-84AA-C1F5E3C0F5AB}"
EndProject
Project("{FAE04EC0-301F-11D3-BF4B-00C04F79EFBC}") = "Calctst", "Calctst\Calctst.csproj", "{D5E811F9-D22F-4706-B644-AA81774986DE}"
EndProject
Global
	GlobalSection(SolutionConfigurationPlatforms) = preSolution
		Debug|Any CPU = Debug|Any CPU
		Release|Any CPU = Release|Any CPU
	EndGlobalSection
	GlobalSection(ProjectConfigurationPlatforms) = postSolution
		{C923283F-C1F0-45AC-84AA-C1F5E3C0F5AB}.Debug|Any CPU.ActiveCfg = Debug|Any CPU
		{C923283F-C1F0-45AC-84AA-C1F5E3C0F5AB}.Debug|Any CPU.Build.0 = Debug|Any CPU
		{C923283F-C1F0-45AC-84AA-C1F5E3C0F5AB}.Release|Any CPU.ActiveCfg = Release|Any CPU
		{C923283F-C1F0-45AC-84AA-C1F5E3C0F5AB}.Release|Any CPU.Build.0 = Release|Any CPU
		{D5E811F9-D22F-4706-B644-AA81774986DE}.Debug|Any CPU.ActiveCfg = Debug|Any CPU
		{D5E811F9-D22F-4706-B644-AA81774986DE}.Debug|Any CPU.Build.0 = Debug|Any CPU
		{D5E811F9-D22F-4706-B644-AA81774986DE}.Release|Any CPU.ActiveCfg = Release|Any CPU
		{D5E811F9-D22F-4706-B644-AA81774986DE}.Release|Any CPU.Build.0 = Release|Any CPU
	EndGlobalSection
	GlobalSection(SolutionProperties) = preSolution
		HideSolutionNode = FALSE
	EndGlobalSection
	GlobalSection(ExtensibilityGlobals) = postSolution
		SolutionGuid = {D5CAEEA4-EE61-4BF7-838F-948C8F294366}
	EndGlobalSection
EndGlobal
